
Microsoft Visual Studio Solution File, Format Version 12.00
# Visual Studio 2013
VisualStudioVersion = 12.0.30501.0
MinimumVisualStudioVersion = 10.0.40219.1
Project("{2150E333-8FDC-42A3-9474-1A3956D46DE8}") = ".nuget", ".nuget", "{3FA863FE-FB4D-4A60-944C-EC12C5F31B95}"
	ProjectSection(SolutionItems) = preProject
		.nuget\NuGet.Config = .nuget\NuGet.Config
		.nuget\NuGet.exe = .nuget\NuGet.exe
		.nuget\NuGet.targets = .nuget\NuGet.targets
	EndProjectSection
EndProject
Project("{FAE04EC0-301F-11D3-BF4B-00C04F79EFBC}") = "Core", "Core\Core.csproj", "{CB569FED-C319-4E0D-A49C-82047A623AD4}"
EndProject
Project("{FAE04EC0-301F-11D3-BF4B-00C04F79EFBC}") = "Api", "Api\Api.csproj", "{A3FFEB01-84C2-4283-96D4-05691FD05DFB}"
EndProject
Project("{FAE04EC0-301F-11D3-BF4B-00C04F79EFBC}") = "Website", "Website\Website.csproj", "{49B96280-4AF4-43CC-8764-E5DEAFBD86A8}"
EndProject
Project("{FAE04EC0-301F-11D3-BF4B-00C04F79EFBC}") = "Configuration", "Configuration\Configuration.csproj", "{1C9BD370-B497-4340-A663-5CC3B0108DA5}"
EndProject
Project("{FAE04EC0-301F-11D3-BF4B-00C04F79EFBC}") = "Common", "Common\Common.csproj", "{CD2882BB-1D0C-4190-A7A2-9B1B2650FE05}"
EndProject
Project("{FAE04EC0-301F-11D3-BF4B-00C04F79EFBC}") = "DependencyInjection", "DependencyInjection\DependencyInjection.csproj", "{974EEA50-F0F7-4BCC-8000-F7C29D2CF886}"
EndProject
Project("{FAE04EC0-301F-11D3-BF4B-00C04F79EFBC}") = "Utilities.Contract", "Utilities.Contract\Utilities.Contract.csproj", "{1921066E-D611-48CA-94A8-B9048F75B2C2}"
EndProject
Project("{FAE04EC0-301F-11D3-BF4B-00C04F79EFBC}") = "Utilities", "Utilities\Utilities.csproj", "{3D00D642-4A1D-4EB8-AA6B-DC94BBF45047}"
EndProject
Project("{FAE04EC0-301F-11D3-BF4B-00C04F79EFBC}") = "Api.Test", "Api.Test\Api.Test.csproj", "{F2DAFFAA-7336-496A-AD13-715195D0FB7B}"
EndProject
Project("{FAE04EC0-301F-11D3-BF4B-00C04F79EFBC}") = "Core.Test", "Core.Test\Core.Test.csproj", "{030804A6-00D2-4601-8B51-4F9DAC0AB2BF}"
EndProject
Project("{FAE04EC0-301F-11D3-BF4B-00C04F79EFBC}") = "Website.Test", "Website.Test\Website.Test.csproj", "{B5E48656-8488-4E64-A62B-523F54B198E7}"
EndProject
Global
	GlobalSection(SolutionConfigurationPlatforms) = preSolution
		Debug|Any CPU = Debug|Any CPU
		Release|Any CPU = Release|Any CPU
	EndGlobalSection
	GlobalSection(ProjectConfigurationPlatforms) = postSolution
		{CB569FED-C319-4E0D-A49C-82047A623AD4}.Debug|Any CPU.ActiveCfg = Debug|Any CPU
		{CB569FED-C319-4E0D-A49C-82047A623AD4}.Debug|Any CPU.Build.0 = Debug|Any CPU
		{CB569FED-C319-4E0D-A49C-82047A623AD4}.Release|Any CPU.ActiveCfg = Release|Any CPU
		{CB569FED-C319-4E0D-A49C-82047A623AD4}.Release|Any CPU.Build.0 = Release|Any CPU
		{A3FFEB01-84C2-4283-96D4-05691FD05DFB}.Debug|Any CPU.ActiveCfg = Debug|Any CPU
		{A3FFEB01-84C2-4283-96D4-05691FD05DFB}.Debug|Any CPU.Build.0 = Debug|Any CPU
		{A3FFEB01-84C2-4283-96D4-05691FD05DFB}.Release|Any CPU.ActiveCfg = Release|Any CPU
		{A3FFEB01-84C2-4283-96D4-05691FD05DFB}.Release|Any CPU.Build.0 = Release|Any CPU
		{49B96280-4AF4-43CC-8764-E5DEAFBD86A8}.Debug|Any CPU.ActiveCfg = Debug|Any CPU
		{49B96280-4AF4-43CC-8764-E5DEAFBD86A8}.Debug|Any CPU.Build.0 = Debug|Any CPU
		{49B96280-4AF4-43CC-8764-E5DEAFBD86A8}.Release|Any CPU.ActiveCfg = Release|Any CPU
		{49B96280-4AF4-43CC-8764-E5DEAFBD86A8}.Release|Any CPU.Build.0 = Release|Any CPU
		{1C9BD370-B497-4340-A663-5CC3B0108DA5}.Debug|Any CPU.ActiveCfg = Debug|Any CPU
		{1C9BD370-B497-4340-A663-5CC3B0108DA5}.Debug|Any CPU.Build.0 = Debug|Any CPU
		{1C9BD370-B497-4340-A663-5CC3B0108DA5}.Release|Any CPU.ActiveCfg = Release|Any CPU
		{1C9BD370-B497-4340-A663-5CC3B0108DA5}.Release|Any CPU.Build.0 = Release|Any CPU
		{CD2882BB-1D0C-4190-A7A2-9B1B2650FE05}.Debug|Any CPU.ActiveCfg = Debug|Any CPU
		{CD2882BB-1D0C-4190-A7A2-9B1B2650FE05}.Debug|Any CPU.Build.0 = Debug|Any CPU
		{CD2882BB-1D0C-4190-A7A2-9B1B2650FE05}.Release|Any CPU.ActiveCfg = Release|Any CPU
		{CD2882BB-1D0C-4190-A7A2-9B1B2650FE05}.Release|Any CPU.Build.0 = Release|Any CPU
		{974EEA50-F0F7-4BCC-8000-F7C29D2CF886}.Debug|Any CPU.ActiveCfg = Debug|Any CPU
		{974EEA50-F0F7-4BCC-8000-F7C29D2CF886}.Debug|Any CPU.Build.0 = Debug|Any CPU
		{974EEA50-F0F7-4BCC-8000-F7C29D2CF886}.Release|Any CPU.ActiveCfg = Release|Any CPU
		{974EEA50-F0F7-4BCC-8000-F7C29D2CF886}.Release|Any CPU.Build.0 = Release|Any CPU
		{1921066E-D611-48CA-94A8-B9048F75B2C2}.Debug|Any CPU.ActiveCfg = Debug|Any CPU
		{1921066E-D611-48CA-94A8-B9048F75B2C2}.Debug|Any CPU.Build.0 = Debug|Any CPU
		{1921066E-D611-48CA-94A8-B9048F75B2C2}.Release|Any CPU.ActiveCfg = Release|Any CPU
		{1921066E-D611-48CA-94A8-B9048F75B2C2}.Release|Any CPU.Build.0 = Release|Any CPU
		{3D00D642-4A1D-4EB8-AA6B-DC94BBF45047}.Debug|Any CPU.ActiveCfg = Debug|Any CPU
		{3D00D642-4A1D-4EB8-AA6B-DC94BBF45047}.Debug|Any CPU.Build.0 = Debug|Any CPU
		{3D00D642-4A1D-4EB8-AA6B-DC94BBF45047}.Release|Any CPU.ActiveCfg = Release|Any CPU
		{3D00D642-4A1D-4EB8-AA6B-DC94BBF45047}.Release|Any CPU.Build.0 = Release|Any CPU
		{F2DAFFAA-7336-496A-AD13-715195D0FB7B}.Debug|Any CPU.ActiveCfg = Debug|Any CPU
		{F2DAFFAA-7336-496A-AD13-715195D0FB7B}.Debug|Any CPU.Build.0 = Debug|Any CPU
		{F2DAFFAA-7336-496A-AD13-715195D0FB7B}.Release|Any CPU.ActiveCfg = Release|Any CPU
		{F2DAFFAA-7336-496A-AD13-715195D0FB7B}.Release|Any CPU.Build.0 = Release|Any CPU
		{030804A6-00D2-4601-8B51-4F9DAC0AB2BF}.Debug|Any CPU.ActiveCfg = Debug|Any CPU
		{030804A6-00D2-4601-8B51-4F9DAC0AB2BF}.Debug|Any CPU.Build.0 = Debug|Any CPU
		{030804A6-00D2-4601-8B51-4F9DAC0AB2BF}.Release|Any CPU.ActiveCfg = Release|Any CPU
		{030804A6-00D2-4601-8B51-4F9DAC0AB2BF}.Release|Any CPU.Build.0 = Release|Any CPU
		{B5E48656-8488-4E64-A62B-523F54B198E7}.Debug|Any CPU.ActiveCfg = Debug|Any CPU
		{B5E48656-8488-4E64-A62B-523F54B198E7}.Debug|Any CPU.Build.0 = Debug|Any CPU
		{B5E48656-8488-4E64-A62B-523F54B198E7}.Release|Any CPU.ActiveCfg = Release|Any CPU
		{B5E48656-8488-4E64-A62B-523F54B198E7}.Release|Any CPU.Build.0 = Release|Any CPU
	EndGlobalSection
	GlobalSection(SolutionProperties) = preSolution
		HideSolutionNode = FALSE
	EndGlobalSection
EndGlobal
